// !$*UTF8*$!
{
	archiveVersion = 1;
	classes = {
	};
	objectVersion = 56;
	objects = {

/* Begin PBXBuildFile section */
		B0064BFA2A8B8AAF009B594D /* SDWebImage in Frameworks */ = {isa = PBXBuildFile; productRef = B0064BF92A8B8AAF009B594D /* SDWebImage */; };
		B0064BFD2A8B9939009B594D /* NewsResponse.swift in Sources */ = {isa = PBXBuildFile; fileRef = B0064BFC2A8B9939009B594D /* NewsResponse.swift */; };
		B0064BFF2A8B9D31009B594D /* NetworkService.swift in Sources */ = {isa = PBXBuildFile; fileRef = B0064BFE2A8B9D31009B594D /* NetworkService.swift */; };
		B0064C032A8BBF6A009B594D /* Collection+Extensions.swift in Sources */ = {isa = PBXBuildFile; fileRef = B0064C022A8BBF6A009B594D /* Collection+Extensions.swift */; };
		B0064C082A8BC504009B594D /* Errors.swift in Sources */ = {isa = PBXBuildFile; fileRef = B0064C072A8BC504009B594D /* Errors.swift */; };
		B0064C0A2A8C0380009B594D /* NewsCellPresenter.swift in Sources */ = {isa = PBXBuildFile; fileRef = B0064C092A8C0380009B594D /* NewsCellPresenter.swift */; };
		B03542BC2A8D5A2400ECB716 /* CategoryCellPresenter.swift in Sources */ = {isa = PBXBuildFile; fileRef = B03542BB2A8D5A2400ECB716 /* CategoryCellPresenter.swift */; };
		B05B18C82A9404490061CAA6 /* AlertPresentable.swift in Sources */ = {isa = PBXBuildFile; fileRef = B05B18C72A9404490061CAA6 /* AlertPresentable.swift */; };
		B08707B02A8A61A7000ADA8F /* WebScreenViewController.swift in Sources */ = {isa = PBXBuildFile; fileRef = B08707AF2A8A61A7000ADA8F /* WebScreenViewController.swift */; };
		B08707B42A8A67C8000ADA8F /* Config.plist in Resources */ = {isa = PBXBuildFile; fileRef = B08707B32A8A67C8000ADA8F /* Config.plist */; };
		B08707B62A8A953A000ADA8F /* NewsCell.swift in Sources */ = {isa = PBXBuildFile; fileRef = B08707B52A8A953A000ADA8F /* NewsCell.swift */; };
		B08707BD2A8A97A2000ADA8F /* CategoryCell.swift in Sources */ = {isa = PBXBuildFile; fileRef = B08707BC2A8A97A2000ADA8F /* CategoryCell.swift */; };
		B08707C12A8AAB8E000ADA8F /* NewsViewModel.swift in Sources */ = {isa = PBXBuildFile; fileRef = B08707C02A8AAB8E000ADA8F /* NewsViewModel.swift */; };
		B08707C32A8AABBD000ADA8F /* SearchViewModel.swift in Sources */ = {isa = PBXBuildFile; fileRef = B08707C22A8AABBD000ADA8F /* SearchViewModel.swift */; };
		B08707C52A8AABD9000ADA8F /* CategoriesViewModel.swift in Sources */ = {isa = PBXBuildFile; fileRef = B08707C42A8AABD9000ADA8F /* CategoriesViewModel.swift */; };
		B08707C72A8AABF9000ADA8F /* WebViewModel.swift in Sources */ = {isa = PBXBuildFile; fileRef = B08707C62A8AABF9000ADA8F /* WebViewModel.swift */; };
		B0CD38362A8D0DBC00F972A4 /* Parameters.swift in Sources */ = {isa = PBXBuildFile; fileRef = B0CD38352A8D0DBC00F972A4 /* Parameters.swift */; };
		B0FCFA682A839EB6006BAD36 /* AppDelegate.swift in Sources */ = {isa = PBXBuildFile; fileRef = B0FCFA672A839EB6006BAD36 /* AppDelegate.swift */; };
		B0FCFA6A2A839EB6006BAD36 /* SceneDelegate.swift in Sources */ = {isa = PBXBuildFile; fileRef = B0FCFA692A839EB6006BAD36 /* SceneDelegate.swift */; };
		B0FCFA6F2A839EB6006BAD36 /* Main.storyboard in Resources */ = {isa = PBXBuildFile; fileRef = B0FCFA6D2A839EB6006BAD36 /* Main.storyboard */; };
		B0FCFA722A839EB6006BAD36 /* FlashFy.xcdatamodeld in Sources */ = {isa = PBXBuildFile; fileRef = B0FCFA702A839EB6006BAD36 /* FlashFy.xcdatamodeld */; };
		B0FCFA742A839EB7006BAD36 /* Assets.xcassets in Resources */ = {isa = PBXBuildFile; fileRef = B0FCFA732A839EB7006BAD36 /* Assets.xcassets */; };
		B0FCFA772A839EB7006BAD36 /* LaunchScreen.storyboard in Resources */ = {isa = PBXBuildFile; fileRef = B0FCFA752A839EB7006BAD36 /* LaunchScreen.storyboard */; };
		B0FCFA832A83A3B0006BAD36 /* NewsViewController.swift in Sources */ = {isa = PBXBuildFile; fileRef = B0FCFA822A83A3B0006BAD36 /* NewsViewController.swift */; };
		B0FCFA852A83A3FF006BAD36 /* CategoriesViewController.swift in Sources */ = {isa = PBXBuildFile; fileRef = B0FCFA842A83A3FF006BAD36 /* CategoriesViewController.swift */; };
		B0FCFA872A83A44E006BAD36 /* SearchViewController.swift in Sources */ = {isa = PBXBuildFile; fileRef = B0FCFA862A83A44E006BAD36 /* SearchViewController.swift */; };
/* End PBXBuildFile section */

/* Begin PBXFileReference section */
		B0064BFC2A8B9939009B594D /* NewsResponse.swift */ = {isa = PBXFileReference; lastKnownFileType = sourcecode.swift; path = NewsResponse.swift; sourceTree = "<group>"; };
		B0064BFE2A8B9D31009B594D /* NetworkService.swift */ = {isa = PBXFileReference; lastKnownFileType = sourcecode.swift; path = NetworkService.swift; sourceTree = "<group>"; };
		B0064C022A8BBF6A009B594D /* Collection+Extensions.swift */ = {isa = PBXFileReference; lastKnownFileType = sourcecode.swift; path = "Collection+Extensions.swift"; sourceTree = "<group>"; };
		B0064C072A8BC504009B594D /* Errors.swift */ = {isa = PBXFileReference; lastKnownFileType = sourcecode.swift; path = Errors.swift; sourceTree = "<group>"; };
		B0064C092A8C0380009B594D /* NewsCellPresenter.swift */ = {isa = PBXFileReference; lastKnownFileType = sourcecode.swift; path = NewsCellPresenter.swift; sourceTree = "<group>"; };
		B03542BB2A8D5A2400ECB716 /* CategoryCellPresenter.swift */ = {isa = PBXFileReference; lastKnownFileType = sourcecode.swift; path = CategoryCellPresenter.swift; sourceTree = "<group>"; };
		B05B18C72A9404490061CAA6 /* AlertPresentable.swift */ = {isa = PBXFileReference; lastKnownFileType = sourcecode.swift; path = AlertPresentable.swift; sourceTree = "<group>"; };
		B08707AF2A8A61A7000ADA8F /* WebScreenViewController.swift */ = {isa = PBXFileReference; lastKnownFileType = sourcecode.swift; name = WebScreenViewController.swift; path = Screens/WebScreen/WebScreenViewController.swift; sourceTree = "<group>"; };
		B08707B32A8A67C8000ADA8F /* Config.plist */ = {isa = PBXFileReference; lastKnownFileType = text.plist.xml; path = Config.plist; sourceTree = "<group>"; };
		B08707B52A8A953A000ADA8F /* NewsCell.swift */ = {isa = PBXFileReference; lastKnownFileType = sourcecode.swift; path = NewsCell.swift; sourceTree = "<group>"; };
		B08707BC2A8A97A2000ADA8F /* CategoryCell.swift */ = {isa = PBXFileReference; lastKnownFileType = sourcecode.swift; path = CategoryCell.swift; sourceTree = "<group>"; };
		B08707C02A8AAB8E000ADA8F /* NewsViewModel.swift */ = {isa = PBXFileReference; lastKnownFileType = sourcecode.swift; name = NewsViewModel.swift; path = Screens/NewsScreen/NewsViewModel.swift; sourceTree = "<group>"; };
		B08707C22A8AABBD000ADA8F /* SearchViewModel.swift */ = {isa = PBXFileReference; lastKnownFileType = sourcecode.swift; name = SearchViewModel.swift; path = Screens/SearchScreen/SearchViewModel.swift; sourceTree = "<group>"; };
		B08707C42A8AABD9000ADA8F /* CategoriesViewModel.swift */ = {isa = PBXFileReference; lastKnownFileType = sourcecode.swift; name = CategoriesViewModel.swift; path = Screens/CategoriesScreen/CategoriesViewModel.swift; sourceTree = "<group>"; };
		B08707C62A8AABF9000ADA8F /* WebViewModel.swift */ = {isa = PBXFileReference; lastKnownFileType = sourcecode.swift; name = WebViewModel.swift; path = Screens/WebScreen/WebViewModel.swift; sourceTree = "<group>"; };
		B0CD38352A8D0DBC00F972A4 /* Parameters.swift */ = {isa = PBXFileReference; lastKnownFileType = sourcecode.swift; path = Parameters.swift; sourceTree = "<group>"; };
		B0FCFA642A839EB6006BAD36 /* FlashFy.app */ = {isa = PBXFileReference; explicitFileType = wrapper.application; includeInIndex = 0; path = FlashFy.app; sourceTree = BUILT_PRODUCTS_DIR; };
		B0FCFA672A839EB6006BAD36 /* AppDelegate.swift */ = {isa = PBXFileReference; lastKnownFileType = sourcecode.swift; path = AppDelegate.swift; sourceTree = "<group>"; };
		B0FCFA692A839EB6006BAD36 /* SceneDelegate.swift */ = {isa = PBXFileReference; lastKnownFileType = sourcecode.swift; path = SceneDelegate.swift; sourceTree = "<group>"; };
		B0FCFA6E2A839EB6006BAD36 /* Base */ = {isa = PBXFileReference; lastKnownFileType = file.storyboard; name = Base; path = Base.lproj/Main.storyboard; sourceTree = "<group>"; };
		B0FCFA712A839EB6006BAD36 /* FlashFy.xcdatamodel */ = {isa = PBXFileReference; lastKnownFileType = wrapper.xcdatamodel; path = FlashFy.xcdatamodel; sourceTree = "<group>"; };
		B0FCFA732A839EB7006BAD36 /* Assets.xcassets */ = {isa = PBXFileReference; lastKnownFileType = folder.assetcatalog; path = Assets.xcassets; sourceTree = "<group>"; };
		B0FCFA762A839EB7006BAD36 /* Base */ = {isa = PBXFileReference; lastKnownFileType = file.storyboard; name = Base; path = Base.lproj/LaunchScreen.storyboard; sourceTree = "<group>"; };
		B0FCFA782A839EB7006BAD36 /* Info.plist */ = {isa = PBXFileReference; lastKnownFileType = text.plist.xml; path = Info.plist; sourceTree = "<group>"; };
		B0FCFA822A83A3B0006BAD36 /* NewsViewController.swift */ = {isa = PBXFileReference; lastKnownFileType = sourcecode.swift; name = NewsViewController.swift; path = Screens/NewsScreen/NewsViewController.swift; sourceTree = "<group>"; };
		B0FCFA842A83A3FF006BAD36 /* CategoriesViewController.swift */ = {isa = PBXFileReference; lastKnownFileType = sourcecode.swift; name = CategoriesViewController.swift; path = Screens/CategoriesScreen/CategoriesViewController.swift; sourceTree = "<group>"; };
		B0FCFA862A83A44E006BAD36 /* SearchViewController.swift */ = {isa = PBXFileReference; lastKnownFileType = sourcecode.swift; name = SearchViewController.swift; path = Screens/SearchScreen/SearchViewController.swift; sourceTree = "<group>"; };
/* End PBXFileReference section */

/* Begin PBXFrameworksBuildPhase section */
		B0FCFA612A839EB6006BAD36 /* Frameworks */ = {
			isa = PBXFrameworksBuildPhase;
			buildActionMask = 2147483647;
			files = (
				B0064BFA2A8B8AAF009B594D /* SDWebImage in Frameworks */,
			);
			runOnlyForDeploymentPostprocessing = 0;
		};
/* End PBXFrameworksBuildPhase section */

/* Begin PBXGroup section */
		B0064BFB2A8B9922009B594D /* Models */ = {
			isa = PBXGroup;
			children = (
				B0064BFC2A8B9939009B594D /* NewsResponse.swift */,
			);
			path = Models;
			sourceTree = "<group>";
		};
		B0064C002A8BBF48009B594D /* Utils */ = {
			isa = PBXGroup;
			children = (
				B05B18C62A9403E30061CAA6 /* Protocols */,
				B0064C042A8BC496009B594D /* Enums */,
				B0064C012A8BBF51009B594D /* Extensions */,
			);
			path = Utils;
			sourceTree = "<group>";
		};
		B0064C012A8BBF51009B594D /* Extensions */ = {
			isa = PBXGroup;
			children = (
				B0064C022A8BBF6A009B594D /* Collection+Extensions.swift */,
			);
			path = Extensions;
			sourceTree = "<group>";
		};
		B0064C042A8BC496009B594D /* Enums */ = {
			isa = PBXGroup;
			children = (
				B0064C072A8BC504009B594D /* Errors.swift */,
				B0CD38352A8D0DBC00F972A4 /* Parameters.swift */,
			);
			path = Enums;
			sourceTree = "<group>";
		};
		B05B18C62A9403E30061CAA6 /* Protocols */ = {
			isa = PBXGroup;
			children = (
				B05B18C72A9404490061CAA6 /* AlertPresentable.swift */,
			);
			path = Protocols;
			sourceTree = "<group>";
		};
		B08707AE2A8A6171000ADA8F /* WebScreen */ = {
			isa = PBXGroup;
			children = (
				B08707AF2A8A61A7000ADA8F /* WebScreenViewController.swift */,
				B08707C62A8AABF9000ADA8F /* WebViewModel.swift */,
			);
			name = WebScreen;
			path = ..;
			sourceTree = "<group>";
		};
		B08707B72A8A955E000ADA8F /* NewsCell */ = {
			isa = PBXGroup;
			children = (
				B08707B52A8A953A000ADA8F /* NewsCell.swift */,
				B0064C092A8C0380009B594D /* NewsCellPresenter.swift */,
			);
			path = NewsCell;
			sourceTree = "<group>";
		};
		B08707B82A8A9583000ADA8F /* CategoryCell */ = {
			isa = PBXGroup;
			children = (
				B08707BC2A8A97A2000ADA8F /* CategoryCell.swift */,
				B03542BB2A8D5A2400ECB716 /* CategoryCellPresenter.swift */,
			);
			path = CategoryCell;
			sourceTree = "<group>";
		};
		B08707BF2A8A9BB5000ADA8F /* Screens */ = {
			isa = PBXGroup;
			children = (
				B0FCFA892A83A493006BAD36 /* NewsScreen */,
				B0FCFA8B2A83A4B8006BAD36 /* SearchScreen */,
				B0FCFA8A2A83A4A5006BAD36 /* CategoriesScreen */,
				B08707AE2A8A6171000ADA8F /* WebScreen */,
			);
			path = Screens;
			sourceTree = "<group>";
		};
		B0DEE6E12A8AC79200A45B33 /* Services */ = {
			isa = PBXGroup;
			children = (
				B0064BFE2A8B9D31009B594D /* NetworkService.swift */,
			);
			path = Services;
			sourceTree = "<group>";
		};
		B0FCFA5B2A839EB6006BAD36 = {
			isa = PBXGroup;
			children = (
				B0FCFA662A839EB6006BAD36 /* FlashFy */,
				B0FCFA652A839EB6006BAD36 /* Products */,
			);
			sourceTree = "<group>";
		};
		B0FCFA652A839EB6006BAD36 /* Products */ = {
			isa = PBXGroup;
			children = (
				B0FCFA642A839EB6006BAD36 /* FlashFy.app */,
			);
			name = Products;
			sourceTree = "<group>";
		};
		B0FCFA662A839EB6006BAD36 /* FlashFy */ = {
			isa = PBXGroup;
			children = (
				B0FCFA7F2A83A1C5006BAD36 /* Common */,
				B0064BFB2A8B9922009B594D /* Models */,
				B0DEE6E12A8AC79200A45B33 /* Services */,
				B08707BF2A8A9BB5000ADA8F /* Screens */,
				B0FCFA812A83A23E006BAD36 /* Views */,
				B0FCFA732A839EB7006BAD36 /* Assets.xcassets */,
				B0FCFA782A839EB7006BAD36 /* Info.plist */,
				B08707B32A8A67C8000ADA8F /* Config.plist */,
				B0FCFA702A839EB6006BAD36 /* FlashFy.xcdatamodeld */,
			);
			path = FlashFy;
			sourceTree = "<group>";
		};
		B0FCFA7E2A83A1B3006BAD36 /* Core */ = {
			isa = PBXGroup;
			children = (
				B0FCFA672A839EB6006BAD36 /* AppDelegate.swift */,
				B0FCFA692A839EB6006BAD36 /* SceneDelegate.swift */,
			);
			path = Core;
			sourceTree = "<group>";
		};
		B0FCFA7F2A83A1C5006BAD36 /* Common */ = {
			isa = PBXGroup;
			children = (
				B0FCFA7E2A83A1B3006BAD36 /* Core */,
				B0064C002A8BBF48009B594D /* Utils */,
			);
			path = Common;
			sourceTree = "<group>";
		};
		B0FCFA802A83A227006BAD36 /* Storyboards */ = {
			isa = PBXGroup;
			children = (
				B0FCFA6D2A839EB6006BAD36 /* Main.storyboard */,
				B0FCFA752A839EB7006BAD36 /* LaunchScreen.storyboard */,
			);
			path = Storyboards;
			sourceTree = "<group>";
		};
		B0FCFA812A83A23E006BAD36 /* Views */ = {
			isa = PBXGroup;
			children = (
				B08707B82A8A9583000ADA8F /* CategoryCell */,
				B08707B72A8A955E000ADA8F /* NewsCell */,
				B0FCFA802A83A227006BAD36 /* Storyboards */,
			);
			path = Views;
			sourceTree = "<group>";
		};
		B0FCFA892A83A493006BAD36 /* NewsScreen */ = {
			isa = PBXGroup;
			children = (
				B0FCFA822A83A3B0006BAD36 /* NewsViewController.swift */,
				B08707C02A8AAB8E000ADA8F /* NewsViewModel.swift */,
			);
			name = NewsScreen;
			path = ..;
			sourceTree = "<group>";
		};
		B0FCFA8A2A83A4A5006BAD36 /* CategoriesScreen */ = {
			isa = PBXGroup;
			children = (
				B0FCFA842A83A3FF006BAD36 /* CategoriesViewController.swift */,
				B08707C42A8AABD9000ADA8F /* CategoriesViewModel.swift */,
			);
			name = CategoriesScreen;
			path = ..;
			sourceTree = "<group>";
		};
		B0FCFA8B2A83A4B8006BAD36 /* SearchScreen */ = {
			isa = PBXGroup;
			children = (
				B0FCFA862A83A44E006BAD36 /* SearchViewController.swift */,
				B08707C22A8AABBD000ADA8F /* SearchViewModel.swift */,
			);
			name = SearchScreen;
			path = ..;
			sourceTree = "<group>";
		};
/* End PBXGroup section */

/* Begin PBXNativeTarget section */
		B0FCFA632A839EB6006BAD36 /* FlashFy */ = {
			isa = PBXNativeTarget;
			buildConfigurationList = B0FCFA7B2A839EB7006BAD36 /* Build configuration list for PBXNativeTarget "FlashFy" */;
			buildPhases = (
				B0FCFA602A839EB6006BAD36 /* Sources */,
				B0FCFA612A839EB6006BAD36 /* Frameworks */,
				B0FCFA622A839EB6006BAD36 /* Resources */,
			);
			buildRules = (
			);
			dependencies = (
			);
			name = FlashFy;
			packageProductDependencies = (
				B0064BF92A8B8AAF009B594D /* SDWebImage */,
			);
			productName = FlashFy;
			productReference = B0FCFA642A839EB6006BAD36 /* FlashFy.app */;
			productType = "com.apple.product-type.application";
		};
/* End PBXNativeTarget section */

/* Begin PBXProject section */
		B0FCFA5C2A839EB6006BAD36 /* Project object */ = {
			isa = PBXProject;
			attributes = {
				BuildIndependentTargetsInParallel = 1;
				LastSwiftUpdateCheck = 1430;
				LastUpgradeCheck = 1430;
				TargetAttributes = {
					B0FCFA632A839EB6006BAD36 = {
						CreatedOnToolsVersion = 14.3.1;
					};
				};
			};
			buildConfigurationList = B0FCFA5F2A839EB6006BAD36 /* Build configuration list for PBXProject "FlashFy" */;
			compatibilityVersion = "Xcode 14.0";
			developmentRegion = en;
			hasScannedForEncodings = 0;
			knownRegions = (
				en,
				Base,
			);
			mainGroup = B0FCFA5B2A839EB6006BAD36;
			packageReferences = (
				B0064BF82A8B8AAF009B594D /* XCRemoteSwiftPackageReference "SDWebImage" */,
			);
			productRefGroup = B0FCFA652A839EB6006BAD36 /* Products */;
			projectDirPath = "";
			projectRoot = "";
			targets = (
				B0FCFA632A839EB6006BAD36 /* FlashFy */,
			);
		};
/* End PBXProject section */

/* Begin PBXResourcesBuildPhase section */
		B0FCFA622A839EB6006BAD36 /* Resources */ = {
			isa = PBXResourcesBuildPhase;
			buildActionMask = 2147483647;
			files = (
				B08707B42A8A67C8000ADA8F /* Config.plist in Resources */,
				B0FCFA772A839EB7006BAD36 /* LaunchScreen.storyboard in Resources */,
				B0FCFA742A839EB7006BAD36 /* Assets.xcassets in Resources */,
				B0FCFA6F2A839EB6006BAD36 /* Main.storyboard in Resources */,
			);
			runOnlyForDeploymentPostprocessing = 0;
		};
/* End PBXResourcesBuildPhase section */

/* Begin PBXSourcesBuildPhase section */
		B0FCFA602A839EB6006BAD36 /* Sources */ = {
			isa = PBXSourcesBuildPhase;
			buildActionMask = 2147483647;
			files = (
				B03542BC2A8D5A2400ECB716 /* CategoryCellPresenter.swift in Sources */,
				B0CD38362A8D0DBC00F972A4 /* Parameters.swift in Sources */,
				B0064BFD2A8B9939009B594D /* NewsResponse.swift in Sources */,
				B08707C72A8AABF9000ADA8F /* WebViewModel.swift in Sources */,
				B08707C32A8AABBD000ADA8F /* SearchViewModel.swift in Sources */,
				B0FCFA872A83A44E006BAD36 /* SearchViewController.swift in Sources */,
				B0FCFA722A839EB6006BAD36 /* FlashFy.xcdatamodeld in Sources */,
				B05B18C82A9404490061CAA6 /* AlertPresentable.swift in Sources */,
				B08707B02A8A61A7000ADA8F /* WebScreenViewController.swift in Sources */,
				B0FCFA682A839EB6006BAD36 /* AppDelegate.swift in Sources */,
				B0FCFA6A2A839EB6006BAD36 /* SceneDelegate.swift in Sources */,
				B0064C082A8BC504009B594D /* Errors.swift in Sources */,
				B08707BD2A8A97A2000ADA8F /* CategoryCell.swift in Sources */,
				B0FCFA832A83A3B0006BAD36 /* NewsViewController.swift in Sources */,
				B0064C0A2A8C0380009B594D /* NewsCellPresenter.swift in Sources */,
				B0064BFF2A8B9D31009B594D /* NetworkService.swift in Sources */,
				B08707C12A8AAB8E000ADA8F /* NewsViewModel.swift in Sources */,
				B08707B62A8A953A000ADA8F /* NewsCell.swift in Sources */,
				B0064C032A8BBF6A009B594D /* Collection+Extensions.swift in Sources */,
				B08707C52A8AABD9000ADA8F /* CategoriesViewModel.swift in Sources */,
				B0FCFA852A83A3FF006BAD36 /* CategoriesViewController.swift in Sources */,
			);
			runOnlyForDeploymentPostprocessing = 0;
		};
/* End PBXSourcesBuildPhase section */

/* Begin PBXVariantGroup section */
		B0FCFA6D2A839EB6006BAD36 /* Main.storyboard */ = {
			isa = PBXVariantGroup;
			children = (
				B0FCFA6E2A839EB6006BAD36 /* Base */,
			);
			name = Main.storyboard;
			sourceTree = "<group>";
		};
		B0FCFA752A839EB7006BAD36 /* LaunchScreen.storyboard */ = {
			isa = PBXVariantGroup;
			children = (
				B0FCFA762A839EB7006BAD36 /* Base */,
			);
			name = LaunchScreen.storyboard;
			sourceTree = "<group>";
		};
/* End PBXVariantGroup section */

/* Begin XCBuildConfiguration section */
		B0FCFA792A839EB7006BAD36 /* Debug */ = {
			isa = XCBuildConfiguration;
			buildSettings = {
				ALWAYS_SEARCH_USER_PATHS = NO;
				CLANG_ANALYZER_NONNULL = YES;
				CLANG_ANALYZER_NUMBER_OBJECT_CONVERSION = YES_AGGRESSIVE;
				CLANG_CXX_LANGUAGE_STANDARD = "gnu++20";
				CLANG_ENABLE_MODULES = YES;
				CLANG_ENABLE_OBJC_ARC = YES;
				CLANG_ENABLE_OBJC_WEAK = YES;
				CLANG_WARN_BLOCK_CAPTURE_AUTORELEASING = YES;
				CLANG_WARN_BOOL_CONVERSION = YES;
				CLANG_WARN_COMMA = YES;
				CLANG_WARN_CONSTANT_CONVERSION = YES;
				CLANG_WARN_DEPRECATED_OBJC_IMPLEMENTATIONS = YES;
				CLANG_WARN_DIRECT_OBJC_ISA_USAGE = YES_ERROR;
				CLANG_WARN_DOCUMENTATION_COMMENTS = YES;
				CLANG_WARN_EMPTY_BODY = YES;
				CLANG_WARN_ENUM_CONVERSION = YES;
				CLANG_WARN_INFINITE_RECURSION = YES;
				CLANG_WARN_INT_CONVERSION = YES;
				CLANG_WARN_NON_LITERAL_NULL_CONVERSION = YES;
				CLANG_WARN_OBJC_IMPLICIT_RETAIN_SELF = YES;
				CLANG_WARN_OBJC_LITERAL_CONVERSION = YES;
				CLANG_WARN_OBJC_ROOT_CLASS = YES_ERROR;
				CLANG_WARN_QUOTED_INCLUDE_IN_FRAMEWORK_HEADER = YES;
				CLANG_WARN_RANGE_LOOP_ANALYSIS = YES;
				CLANG_WARN_STRICT_PROTOTYPES = YES;
				CLANG_WARN_SUSPICIOUS_MOVE = YES;
				CLANG_WARN_UNGUARDED_AVAILABILITY = YES_AGGRESSIVE;
				CLANG_WARN_UNREACHABLE_CODE = YES;
				CLANG_WARN__DUPLICATE_METHOD_MATCH = YES;
				COPY_PHASE_STRIP = NO;
				DEBUG_INFORMATION_FORMAT = dwarf;
				ENABLE_STRICT_OBJC_MSGSEND = YES;
				ENABLE_TESTABILITY = YES;
				GCC_C_LANGUAGE_STANDARD = gnu11;
				GCC_DYNAMIC_NO_PIC = NO;
				GCC_NO_COMMON_BLOCKS = YES;
				GCC_OPTIMIZATION_LEVEL = 0;
				GCC_PREPROCESSOR_DEFINITIONS = (
					"DEBUG=1",
					"$(inherited)",
				);
				GCC_WARN_64_TO_32_BIT_CONVERSION = YES;
				GCC_WARN_ABOUT_RETURN_TYPE = YES_ERROR;
				GCC_WARN_UNDECLARED_SELECTOR = YES;
				GCC_WARN_UNINITIALIZED_AUTOS = YES_AGGRESSIVE;
				GCC_WARN_UNUSED_FUNCTION = YES;
				GCC_WARN_UNUSED_VARIABLE = YES;
				IPHONEOS_DEPLOYMENT_TARGET = 16.4;
				MTL_ENABLE_DEBUG_INFO = INCLUDE_SOURCE;
				MTL_FAST_MATH = YES;
				ONLY_ACTIVE_ARCH = YES;
				SDKROOT = iphoneos;
				SWIFT_ACTIVE_COMPILATION_CONDITIONS = DEBUG;
				SWIFT_OPTIMIZATION_LEVEL = "-Onone";
			};
			name = Debug;
		};
		B0FCFA7A2A839EB7006BAD36 /* Release */ = {
			isa = XCBuildConfiguration;
			buildSettings = {
				ALWAYS_SEARCH_USER_PATHS = NO;
				CLANG_ANALYZER_NONNULL = YES;
				CLANG_ANALYZER_NUMBER_OBJECT_CONVERSION = YES_AGGRESSIVE;
				CLANG_CXX_LANGUAGE_STANDARD = "gnu++20";
				CLANG_ENABLE_MODULES = YES;
				CLANG_ENABLE_OBJC_ARC = YES;
				CLANG_ENABLE_OBJC_WEAK = YES;
				CLANG_WARN_BLOCK_CAPTURE_AUTORELEASING = YES;
				CLANG_WARN_BOOL_CONVERSION = YES;
				CLANG_WARN_COMMA = YES;
				CLANG_WARN_CONSTANT_CONVERSION = YES;
				CLANG_WARN_DEPRECATED_OBJC_IMPLEMENTATIONS = YES;
				CLANG_WARN_DIRECT_OBJC_ISA_USAGE = YES_ERROR;
				CLANG_WARN_DOCUMENTATION_COMMENTS = YES;
				CLANG_WARN_EMPTY_BODY = YES;
				CLANG_WARN_ENUM_CONVERSION = YES;
				CLANG_WARN_INFINITE_RECURSION = YES;
				CLANG_WARN_INT_CONVERSION = YES;
				CLANG_WARN_NON_LITERAL_NULL_CONVERSION = YES;
				CLANG_WARN_OBJC_IMPLICIT_RETAIN_SELF = YES;
				CLANG_WARN_OBJC_LITERAL_CONVERSION = YES;
				CLANG_WARN_OBJC_ROOT_CLASS = YES_ERROR;
				CLANG_WARN_QUOTED_INCLUDE_IN_FRAMEWORK_HEADER = YES;
				CLANG_WARN_RANGE_LOOP_ANALYSIS = YES;
				CLANG_WARN_STRICT_PROTOTYPES = YES;
				CLANG_WARN_SUSPICIOUS_MOVE = YES;
				CLANG_WARN_UNGUARDED_AVAILABILITY = YES_AGGRESSIVE;
				CLANG_WARN_UNREACHABLE_CODE = YES;
				CLANG_WARN__DUPLICATE_METHOD_MATCH = YES;
				COPY_PHASE_STRIP = NO;
				DEBUG_INFORMATION_FORMAT = "dwarf-with-dsym";
				ENABLE_NS_ASSERTIONS = NO;
				ENABLE_STRICT_OBJC_MSGSEND = YES;
				GCC_C_LANGUAGE_STANDARD = gnu11;
				GCC_NO_COMMON_BLOCKS = YES;
				GCC_WARN_64_TO_32_BIT_CONVERSION = YES;
				GCC_WARN_ABOUT_RETURN_TYPE = YES_ERROR;
				GCC_WARN_UNDECLARED_SELECTOR = YES;
				GCC_WARN_UNINITIALIZED_AUTOS = YES_AGGRESSIVE;
				GCC_WARN_UNUSED_FUNCTION = YES;
				GCC_WARN_UNUSED_VARIABLE = YES;
				IPHONEOS_DEPLOYMENT_TARGET = 16.4;
				MTL_ENABLE_DEBUG_INFO = NO;
				MTL_FAST_MATH = YES;
				SDKROOT = iphoneos;
				SWIFT_COMPILATION_MODE = wholemodule;
				SWIFT_OPTIMIZATION_LEVEL = "-O";
				VALIDATE_PRODUCT = YES;
			};
			name = Release;
		};
		B0FCFA7C2A839EB7006BAD36 /* Debug */ = {
			isa = XCBuildConfiguration;
			buildSettings = {
				ASSETCATALOG_COMPILER_APPICON_NAME = AppIcon;
				ASSETCATALOG_COMPILER_GLOBAL_ACCENT_COLOR_NAME = AccentColor;
				CODE_SIGN_STYLE = Automatic;
				CURRENT_PROJECT_VERSION = 1;
				DEVELOPMENT_TEAM = M3L7HK72ZK;
				GENERATE_INFOPLIST_FILE = YES;
				INFOPLIST_FILE = FlashFy/Info.plist;
				INFOPLIST_KEY_UIApplicationSupportsIndirectInputEvents = YES;
				INFOPLIST_KEY_UILaunchStoryboardName = LaunchScreen;
				INFOPLIST_KEY_UIMainStoryboardFile = Main;
				INFOPLIST_KEY_UISupportedInterfaceOrientations_iPad = "UIInterfaceOrientationPortrait UIInterfaceOrientationPortraitUpsideDown UIInterfaceOrientationLandscapeLeft UIInterfaceOrientationLandscapeRight";
				INFOPLIST_KEY_UISupportedInterfaceOrientations_iPhone = "UIInterfaceOrientationPortrait UIInterfaceOrientationLandscapeLeft UIInterfaceOrientationLandscapeRight";
				LD_RUNPATH_SEARCH_PATHS = (
					"$(inherited)",
					"@executable_path/Frameworks",
				);
				MARKETING_VERSION = 1.0;
				PRODUCT_BUNDLE_IDENTIFIER = com.ctn.FlashFy;
				PRODUCT_NAME = "$(TARGET_NAME)";
				SWIFT_EMIT_LOC_STRINGS = YES;
				SWIFT_VERSION = 5.0;
				TARGETED_DEVICE_FAMILY = "1,2";
			};
			name = Debug;
		};
		B0FCFA7D2A839EB7006BAD36 /* Release */ = {
			isa = XCBuildConfiguration;
			buildSettings = {
				ASSETCATALOG_COMPILER_APPICON_NAME = AppIcon;
				ASSETCATALOG_COMPILER_GLOBAL_ACCENT_COLOR_NAME = AccentColor;
				CODE_SIGN_STYLE = Automatic;
				CURRENT_PROJECT_VERSION = 1;
				DEVELOPMENT_TEAM = M3L7HK72ZK;
				GENERATE_INFOPLIST_FILE = YES;
				INFOPLIST_FILE = FlashFy/Info.plist;
				INFOPLIST_KEY_UIApplicationSupportsIndirectInputEvents = YES;
				INFOPLIST_KEY_UILaunchStoryboardName = LaunchScreen;
				INFOPLIST_KEY_UIMainStoryboardFile = Main;
				INFOPLIST_KEY_UISupportedInterfaceOrientations_iPad = "UIInterfaceOrientationPortrait UIInterfaceOrientationPortraitUpsideDown UIInterfaceOrientationLandscapeLeft UIInterfaceOrientationLandscapeRight";
				INFOPLIST_KEY_UISupportedInterfaceOrientations_iPhone = "UIInterfaceOrientationPortrait UIInterfaceOrientationLandscapeLeft UIInterfaceOrientationLandscapeRight";
				LD_RUNPATH_SEARCH_PATHS = (
					"$(inherited)",
					"@executable_path/Frameworks",
				);
				MARKETING_VERSION = 1.0;
				PRODUCT_BUNDLE_IDENTIFIER = com.ctn.FlashFy;
				PRODUCT_NAME = "$(TARGET_NAME)";
				SWIFT_EMIT_LOC_STRINGS = YES;
				SWIFT_VERSION = 5.0;
				TARGETED_DEVICE_FAMILY = "1,2";
			};
			name = Release;
		};
/* End XCBuildConfiguration section */

/* Begin XCConfigurationList section */
		B0FCFA5F2A839EB6006BAD36 /* Build configuration list for PBXProject "FlashFy" */ = {
			isa = XCConfigurationList;
			buildConfigurations = (
				B0FCFA792A839EB7006BAD36 /* Debug */,
				B0FCFA7A2A839EB7006BAD36 /* Release */,
			);
			defaultConfigurationIsVisible = 0;
			defaultConfigurationName = Release;
		};
		B0FCFA7B2A839EB7006BAD36 /* Build configuration list for PBXNativeTarget "FlashFy" */ = {
			isa = XCConfigurationList;
			buildConfigurations = (
				B0FCFA7C2A839EB7006BAD36 /* Debug */,
				B0FCFA7D2A839EB7006BAD36 /* Release */,
			);
			defaultConfigurationIsVisible = 0;
			defaultConfigurationName = Release;
		};
/* End XCConfigurationList section */

/* Begin XCRemoteSwiftPackageReference section */
		B0064BF82A8B8AAF009B594D /* XCRemoteSwiftPackageReference "SDWebImage" */ = {
			isa = XCRemoteSwiftPackageReference;
			repositoryURL = "https://github.com/SDWebImage/SDWebImage";
			requirement = {
				kind = exactVersion;
				version = 5.17.0;
			};
		};
/* End XCRemoteSwiftPackageReference section */

/* Begin XCSwiftPackageProductDependency section */
		B0064BF92A8B8AAF009B594D /* SDWebImage */ = {
			isa = XCSwiftPackageProductDependency;
			package = B0064BF82A8B8AAF009B594D /* XCRemoteSwiftPackageReference "SDWebImage" */;
			productName = SDWebImage;
		};
/* End XCSwiftPackageProductDependency section */

/* Begin XCVersionGroup section */
		B0FCFA702A839EB6006BAD36 /* FlashFy.xcdatamodeld */ = {
			isa = XCVersionGroup;
			children = (
				B0FCFA712A839EB6006BAD36 /* FlashFy.xcdatamodel */,
			);
			currentVersion = B0FCFA712A839EB6006BAD36 /* FlashFy.xcdatamodel */;
			path = FlashFy.xcdatamodeld;
			sourceTree = "<group>";
			versionGroupType = wrapper.xcdatamodel;
		};
/* End XCVersionGroup section */
	};
	rootObject = B0FCFA5C2A839EB6006BAD36 /* Project object */;
}
